// !$*UTF8*$!
{
	archiveVersion = 1;
	classes = {
	};
	objectVersion = 77;
	objects = {

/* Begin PBXBuildFile section */
		EF36F4262F4F8F000087CD44 /* AudioKit in Frameworks */ = {isa = PBXBuildFile; productRef = EF36F4252F4F8F000087CD44 /* AudioKit */; };
		EF4B0E532F4F924B0077BA45 /* SoundpipeAudioKit in Frameworks */ = {isa = PBXBuildFile; productRef = EF4B0E522F4F924B0077BA45 /* SoundpipeAudioKit */; };
/* End PBXBuildFile section */

/* Begin PBXContainerItemProxy section */
		EF36F3F42F4F84EA0087CD44 /* PBXContainerItemProxy */ = {
			isa = PBXContainerItemProxy;
			containerPortal = EF36F3DE2F4F84E80087CD44 /* Project object */;
			proxyType = 1;
			remoteGlobalIDString = EF36F3E52F4F84E80087CD44;
			remoteInfo = Tune;
		};
		EF36F3FE2F4F84EA0087CD44 /* PBXContainerItemProxy */ = {
			isa = PBXContainerItemProxy;
			containerPortal = EF36F3DE2F4F84E80087CD44 /* Project object */;
			proxyType = 1;
			remoteGlobalIDString = EF36F3E52F4F84E80087CD44;
			remoteInfo = Tune;
		};
/* End PBXContainerItemProxy section */

/* Begin PBXFileReference section */
		EF36F3E62F4F84E80087CD44 /* Tune.app */ = {isa = PBXFileReference; explicitFileType = wrapper.application; includeInIndex = 0; path = Tune.app; sourceTree = BUILT_PRODUCTS_DIR; };
		EF36F3F32F4F84EA0087CD44 /* TuneTests.xctest */ = {isa = PBXFileReference; explicitFileType = wrapper.cfbundle; includeInIndex = 0; path = TuneTests.xctest; sourceTree = BUILT_PRODUCTS_DIR; };
		EF36F3FD2F4F84EA0087CD44 /* TuneUITests.xctest */ = {isa = PBXFileReference; explicitFileType = wrapper.cfbundle; includeInIndex = 0; path = TuneUITests.xctest; sourceTree = BUILT_PRODUCTS_DIR; };
/* End PBXFileReference section */

/* Begin PBXFileSystemSynchronizedBuildFileExceptionSet section */
		EF6C84DC2F64B26E001662EC /* Exceptions for "Tune" folder in "Tune" target */ = {
			isa = PBXFileSystemSynchronizedBuildFileExceptionSet;
			membershipExceptions = (
				Info.plist,
			);
			target = EF36F3E52F4F84E80087CD44 /* Tune */;
		};
/* End PBXFileSystemSynchronizedBuildFileExceptionSet section */

/* Begin PBXFileSystemSynchronizedRootGroup section */
		EF36F3E82F4F84E80087CD44 /* Tune */ = {
			isa = PBXFileSystemSynchronizedRootGroup;
			exceptions = (
				EF6C84DC2F64B26E001662EC /* Exceptions for "Tune" folder in "Tune" target */,
			);
			path = Tune;
			sourceTree = "<group>";
		};
		EF36F3F62F4F84EA0087CD44 /* TuneTests */ = {
			isa = PBXFileSystemSynchronizedRootGroup;
			path = TuneTests;
			sourceTree = "<group>";
		};
		EF36F4002F4F84EA0087CD44 /* TuneUITests */ = {
			isa = PBXFileSystemSynchronizedRootGroup;
			path = TuneUITests;
			sourceTree = "<group>";
		};
/* End PBXFileSystemSynchronizedRootGroup section */

/* Begin PBXFrameworksBuildPhase section */
		EF36F3E32F4F84E80087CD44 /* Frameworks */ = {
			isa = PBXFrameworksBuildPhase;
			buildActionMask = 2147483647;
			files = (
				EF4B0E532F4F924B0077BA45 /* SoundpipeAudioKit in Frameworks */,
				EF36F4262F4F8F000087CD44 /* AudioKit in Frameworks */,
			);
			runOnlyForDeploymentPostprocessing = 0;
		};
		EF36F3F02F4F84EA0087CD44 /* Frameworks */ = {
			isa = PBXFrameworksBuildPhase;
			buildActionMask = 2147483647;
			files = (
			);
			runOnlyForDeploymentPostprocessing = 0;
		};
		EF36F3FA2F4F84EA0087CD44 /* Frameworks */ = {
			isa = PBXFrameworksBuildPhase;
			buildActionMask = 2147483647;
			files = (
			);
			runOnlyForDeploymentPostprocessing = 0;
		};
/* End PBXFrameworksBuildPhase section */

/* Begin PBXGroup section */
		EF36F3DD2F4F84E80087CD44 = {
			isa = PBXGroup;
			children = (
				EF36F3E82F4F84E80087CD44 /* Tune */,
				EF36F3F62F4F84EA0087CD44 /* TuneTests */,
				EF36F4002F4F84EA0087CD44 /* TuneUITests */,
				EF36F3E72F4F84E80087CD44 /* Products */,
			);
			sourceTree = "<group>";
		};
		EF36F3E72F4F84E80087CD44 /* Products */ = {
			isa = PBXGroup;
			children = (
				EF36F3E62F4F84E80087CD44 /* Tune.app */,
				EF36F3F32F4F84EA0087CD44 /* TuneTests.xctest */,
				EF36F3FD2F4F84EA0087CD44 /* TuneUITests.xctest */,
			);
			name = Products;
			sourceTree = "<group>";
		};
/* End PBXGroup section */

/* Begin PBXNativeTarget section */
		EF36F3E52F4F84E80087CD44 /* Tune */ = {
			isa = PBXNativeTarget;
			buildConfigurationList = EF36F4072F4F84EA0087CD44 /* Build configuration list for PBXNativeTarget "Tune" */;
			buildPhases = (
				EF36F3E22F4F84E80087CD44 /* Sources */,
				EF36F3E32F4F84E80087CD44 /* Frameworks */,
				EF36F3E42F4F84E80087CD44 /* Resources */,
			);
			buildRules = (
			);
			dependencies = (
			);
			fileSystemSynchronizedGroups = (
				EF36F3E82F4F84E80087CD44 /* Tune */,
			);
			name = Tune;
			packageProductDependencies = (
				EF36F4252F4F8F000087CD44 /* AudioKit */,
				EF4B0E522F4F924B0077BA45 /* SoundpipeAudioKit */,
			);
			productName = Tune;
			productReference = EF36F3E62F4F84E80087CD44 /* Tune.app */;
			productType = "com.apple.product-type.application";
		};
		EF36F3F22F4F84EA0087CD44 /* TuneTests */ = {
			isa = PBXNativeTarget;
			buildConfigurationList = EF36F40A2F4F84EA0087CD44 /* Build configuration list for PBXNativeTarget "TuneTests" */;
			buildPhases = (
				EF36F3EF2F4F84EA0087CD44 /* Sources */,
				EF36F3F02F4F84EA0087CD44 /* Frameworks */,
				EF36F3F12F4F84EA0087CD44 /* Resources */,
			);
			buildRules = (
			);
			dependencies = (
				EF36F3F52F4F84EA0087CD44 /* PBXTargetDependency */,
			);
			fileSystemSynchronizedGroups = (
				EF36F3F62F4F84EA0087CD44 /* TuneTests */,
			);
			name = TuneTests;
			packageProductDependencies = (
			);
			productName = TuneTests;
			productReference = EF36F3F32F4F84EA0087CD44 /* TuneTests.xctest */;
			productType = "com.apple.product-type.bundle.unit-test";
		};
		EF36F3FC2F4F84EA0087CD44 /* TuneUITests */ = {
			isa = PBXNativeTarget;
			buildConfigurationList = EF36F40D2F4F84EA0087CD44 /* Build configuration list for PBXNativeTarget "TuneUITests" */;
			buildPhases = (
				EF36F3F92F4F84EA0087CD44 /* Sources */,
				EF36F3FA2F4F84EA0087CD44 /* Frameworks */,
				EF36F3FB2F4F84EA0087CD44 /* Resources */,
			);
			buildRules = (
			);
			dependencies = (
				EF36F3FF2F4F84EA0087CD44 /* PBXTargetDependency */,
			);
			fileSystemSynchronizedGroups = (
				EF36F4002F4F84EA0087CD44 /* TuneUITests */,
			);
			name = TuneUITests;
			packageProductDependencies = (
			);
			productName = TuneUITests;
			productReference = EF36F3FD2F4F84EA0087CD44 /* TuneUITests.xctest */;
			productType = "com.apple.product-type.bundle.ui-testing";
		};
/* End PBXNativeTarget section */

/* Begin PBXProject section */
		EF36F3DE2F4F84E80087CD44 /* Project object */ = {
			isa = PBXProject;
			attributes = {
				BuildIndependentTargetsInParallel = 1;
				LastSwiftUpdateCheck = 2620;
				LastUpgradeCheck = 2620;
				TargetAttributes = {
					EF36F3E52F4F84E80087CD44 = {
						CreatedOnToolsVersion = 26.2;
					};
					EF36F3F22F4F84EA0087CD44 = {
						CreatedOnToolsVersion = 26.2;
						TestTargetID = EF36F3E52F4F84E80087CD44;
					};
					EF36F3FC2F4F84EA0087CD44 = {
						CreatedOnToolsVersion = 26.2;
						TestTargetID = EF36F3E52F4F84E80087CD44;
					};
				};
			};
			buildConfigurationList = EF36F3E12F4F84E80087CD44 /* Build configuration list for PBXProject "Tune" */;
			developmentRegion = en;
			hasScannedForEncodings = 0;
			knownRegions = (
				en,
				Base,
			);
			mainGroup = EF36F3DD2F4F84E80087CD44;
			minimizedProjectReferenceProxies = 1;
			packageReferences = (
				EF36F4242F4F8F000087CD44 /* XCRemoteSwiftPackageReference "AudioKit" */,
				EF4B0E512F4F924B0077BA45 /* XCRemoteSwiftPackageReference "SoundpipeAudioKit" */,
			);
			preferredProjectObjectVersion = 77;
			productRefGroup = EF36F3E72F4F84E80087CD44 /* Products */;
			projectDirPath = "";
			projectRoot = "";
			targets = (
				EF36F3E52F4F84E80087CD44 /* Tune */,
				EF36F3F22F4F84EA0087CD44 /* TuneTests */,
				EF36F3FC2F4F84EA0087CD44 /* TuneUITests */,
			);
		};
/* End PBXProject section */

/* Begin PBXResourcesBuildPhase section */
		EF36F3E42F4F84E80087CD44 /* Resources */ = {
			isa = PBXResourcesBuildPhase;
			buildActionMask = 2147483647;
			files = (
			);
			runOnlyForDeploymentPostprocessing = 0;
		};
		EF36F3F12F4F84EA0087CD44 /* Resources */ = {
			isa = PBXResourcesBuildPhase;
			buildActionMask = 2147483647;
			files = (
			);
			runOnlyForDeploymentPostprocessing = 0;
		};
		EF36F3FB2F4F84EA0087CD44 /* Resources */ = {
			isa = PBXResourcesBuildPhase;
			buildActionMask = 2147483647;
			files = (
			);
			runOnlyForDeploymentPostprocessing = 0;
		};
/* End PBXResourcesBuildPhase section */

/* Begin PBXSourcesBuildPhase section */
		EF36F3E22F4F84E80087CD44 /* Sources */ = {
			isa = PBXSourcesBuildPhase;
			buildActionMask = 2147483647;
			files = (
			);
			runOnlyForDeploymentPostprocessing = 0;
		};
		EF36F3EF2F4F84EA0087CD44 /* Sources */ = {
			isa = PBXSourcesBuildPhase;
			buildActionMask = 2147483647;
			files = (
			);
			runOnlyForDeploymentPostprocessing = 0;
		};
		EF36F3F92F4F84EA0087CD44 /* Sources */ = {
			isa = PBXSourcesBuildPhase;
			buildActionMask = 2147483647;
			files = (
			);
			runOnlyForDeploymentPostprocessing = 0;
		};
/* End PBXSourcesBuildPhase section */

/* Begin PBXTargetDependency section */
		EF36F3F52F4F84EA0087CD44 /* PBXTargetDependency */ = {
			isa = PBXTargetDependency;
			target = EF36F3E52F4F84E80087CD44 /* Tune */;
			targetProxy = EF36F3F42F4F84EA0087CD44 /* PBXContainerItemProxy */;
		};
		EF36F3FF2F4F84EA0087CD44 /* PBXTargetDependency */ = {
			isa = PBXTargetDependency;
			target = EF36F3E52F4F84E80087CD44 /* Tune */;
			targetProxy = EF36F3FE2F4F84EA0087CD44 /* PBXContainerItemProxy */;
		};
/* End PBXTargetDependency section */

/* Begin XCBuildConfiguration section */
		EF36F4052F4F84EA0087CD44 /* Debug */ = {
			isa = XCBuildConfiguration;
			buildSettings = {
				ALWAYS_SEARCH_USER_PATHS = NO;
				ASSETCATALOG_COMPILER_GENERATE_SWIFT_ASSET_SYMBOL_EXTENSIONS = YES;
				CLANG_ANALYZER_NONNULL = YES;
				CLANG_ANALYZER_NUMBER_OBJECT_CONVERSION = YES_AGGRESSIVE;
				CLANG_CXX_LANGUAGE_STANDARD = "gnu++20";
				CLANG_ENABLE_MODULES = YES;
				CLANG_ENABLE_OBJC_ARC = YES;
				CLANG_ENABLE_OBJC_WEAK = YES;
				CLANG_WARN_BLOCK_CAPTURE_AUTORELEASING = YES;
				CLANG_WARN_BOOL_CONVERSION = YES;
				CLANG_WARN_COMMA = YES;
				CLANG_WARN_CONSTANT_CONVERSION = YES;
				CLANG_WARN_DEPRECATED_OBJC_IMPLEMENTATIONS = YES;
				CLANG_WARN_DIRECT_OBJC_ISA_USAGE = YES_ERROR;
				CLANG_WARN_DOCUMENTATION_COMMENTS = YES;
				CLANG_WARN_EMPTY_BODY = YES;
				CLANG_WARN_ENUM_CONVERSION = YES;
				CLANG_WARN_INFINITE_RECURSION = YES;
				CLANG_WARN_INT_CONVERSION = YES;
				CLANG_WARN_NON_LITERAL_NULL_CONVERSION = YES;
				CLANG_WARN_OBJC_IMPLICIT_RETAIN_SELF = YES;
				CLANG_WARN_OBJC_LITERAL_CONVERSION = YES;
				CLANG_WARN_OBJC_ROOT_CLASS = YES_ERROR;
				CLANG_WARN_QUOTED_INCLUDE_IN_FRAMEWORK_HEADER = YES;
				CLANG_WARN_RANGE_LOOP_ANALYSIS = YES;
				CLANG_WARN_STRICT_PROTOTYPES = YES;
				CLANG_WARN_SUSPICIOUS_MOVE = YES;
				CLANG_WARN_UNGUARDED_AVAILABILITY = YES_AGGRESSIVE;
				CLANG_WARN_UNREACHABLE_CODE = YES;
				CLANG_WARN__DUPLICATE_METHOD_MATCH = YES;
				COPY_PHASE_STRIP = NO;
				DEBUG_INFORMATION_FORMAT = dwarf;
				DEVELOPMENT_TEAM = XB8K9VCVP8;
				ENABLE_STRICT_OBJC_MSGSEND = YES;
				ENABLE_TESTABILITY = YES;
				ENABLE_USER_SCRIPT_SANDBOXING = YES;
				GCC_C_LANGUAGE_STANDARD = gnu17;
				GCC_DYNAMIC_NO_PIC = NO;
				GCC_NO_COMMON_BLOCKS = YES;
				GCC_OPTIMIZATION_LEVEL = 0;
				GCC_PREPROCESSOR_DEFINITIONS = (
					"DEBUG=1",
					"$(inherited)",
				);
				GCC_WARN_64_TO_32_BIT_CONVERSION = YES;
				GCC_WARN_ABOUT_RETURN_TYPE = YES_ERROR;
				GCC_WARN_UNDECLARED_SELECTOR = YES;
				GCC_WARN_UNINITIALIZED_AUTOS = YES_AGGRESSIVE;
				GCC_WARN_UNUSED_FUNCTION = YES;
				GCC_WARN_UNUSED_VARIABLE = YES;
				IPHONEOS_DEPLOYMENT_TARGET = 26.2;
				LOCALIZATION_PREFERS_STRING_CATALOGS = YES;
				MTL_ENABLE_DEBUG_INFO = INCLUDE_SOURCE;
				MTL_FAST_MATH = YES;
				ONLY_ACTIVE_ARCH = YES;
				SDKROOT = iphoneos;
				SWIFT_ACTIVE_COMPILATION_CONDITIONS = "DEBUG $(inherited)";
				SWIFT_OPTIMIZATION_LEVEL = "-Onone";
			};
			name = Debug;
		};
		EF36F4062F4F84EA0087CD44 /* Release */ = {
			isa = XCBuildConfiguration;
			buildSettings = {
				ALWAYS_SEARCH_USER_PATHS = NO;
				ASSETCATALOG_COMPILER_GENERATE_SWIFT_ASSET_SYMBOL_EXTENSIONS = YES;
				CLANG_ANALYZER_NONNULL = YES;
				CLANG_ANALYZER_NUMBER_OBJECT_CONVERSION = YES_AGGRESSIVE;
				CLANG_CXX_LANGUAGE_STANDARD = "gnu++20";
				CLANG_ENABLE_MODULES = YES;
				CLANG_ENABLE_OBJC_ARC = YES;
				CLANG_ENABLE_OBJC_WEAK = YES;
				CLANG_WARN_BLOCK_CAPTURE_AUTORELEASING = YES;
				CLANG_WARN_BOOL_CONVERSION = YES;
				CLANG_WARN_COMMA = YES;
				CLANG_WARN_CONSTANT_CONVERSION = YES;
				CLANG_WARN_DEPRECATED_OBJC_IMPLEMENTATIONS = YES;
				CLANG_WARN_DIRECT_OBJC_ISA_USAGE = YES_ERROR;
				CLANG_WARN_DOCUMENTATION_COMMENTS = YES;
				CLANG_WARN_EMPTY_BODY = YES;
				CLANG_WARN_ENUM_CONVERSION = YES;
				CLANG_WARN_INFINITE_RECURSION = YES;
				CLANG_WARN_INT_CONVERSION = YES;
				CLANG_WARN_NON_LITERAL_NULL_CONVERSION = YES;
				CLANG_WARN_OBJC_IMPLICIT_RETAIN_SELF = YES;
				CLANG_WARN_OBJC_LITERAL_CONVERSION = YES;
				CLANG_WARN_OBJC_ROOT_CLASS = YES_ERROR;
				CLANG_WARN_QUOTED_INCLUDE_IN_FRAMEWORK_HEADER = YES;
				CLANG_WARN_RANGE_LOOP_ANALYSIS = YES;
				CLANG_WARN_STRICT_PROTOTYPES = YES;
				CLANG_WARN_SUSPICIOUS_MOVE = YES;
				CLANG_WARN_UNGUARDED_AVAILABILITY = YES_AGGRESSIVE;
				CLANG_WARN_UNREACHABLE_CODE = YES;
				CLANG_WARN__DUPLICATE_METHOD_MATCH = YES;
				COPY_PHASE_STRIP = NO;
				DEBUG_INFORMATION_FORMAT = "dwarf-with-dsym";
				DEVELOPMENT_TEAM = XB8K9VCVP8;
				ENABLE_NS_ASSERTIONS = NO;
				ENABLE_STRICT_OBJC_MSGSEND = YES;
				ENABLE_USER_SCRIPT_SANDBOXING = YES;
				GCC_C_LANGUAGE_STANDARD = gnu17;
				GCC_NO_COMMON_BLOCKS = YES;
				GCC_WARN_64_TO_32_BIT_CONVERSION = YES;
				GCC_WARN_ABOUT_RETURN_TYPE = YES_ERROR;
				GCC_WARN_UNDECLARED_SELECTOR = YES;
				GCC_WARN_UNINITIALIZED_AUTOS = YES_AGGRESSIVE;
				GCC_WARN_UNUSED_FUNCTION = YES;
				GCC_WARN_UNUSED_VARIABLE = YES;
				IPHONEOS_DEPLOYMENT_TARGET = 26.2;
				LOCALIZATION_PREFERS_STRING_CATALOGS = YES;
				MTL_ENABLE_DEBUG_INFO = NO;
				MTL_FAST_MATH = YES;
				SDKROOT = iphoneos;
				SWIFT_COMPILATION_MODE = wholemodule;
				VALIDATE_PRODUCT = YES;
			};
			name = Release;
		};
		EF36F4082F4F84EA0087CD44 /* Debug */ = {
			isa = XCBuildConfiguration;
			buildSettings = {
				ASSETCATALOG_COMPILER_APPICON_NAME = tuneapp;
				ASSETCATALOG_COMPILER_GLOBAL_ACCENT_COLOR_NAME = AccentColor;
				ASSETCATALOG_COMPILER_INCLUDE_ALL_APPICON_ASSETS = YES;
				CODE_SIGN_STYLE = Automatic;
				CURRENT_PROJECT_VERSION = 1;
				DEVELOPMENT_TEAM = XB8K9VCVP8;
				ENABLE_PREVIEWS = YES;
				GENERATE_INFOPLIST_FILE = YES;
				INFOPLIST_FILE = Tune/Info.plist;
				INFOPLIST_KEY_CFBundleDisplayName = Tune;
				INFOPLIST_KEY_ITSAppUsesNonExemptEncryption = NO;
				INFOPLIST_KEY_LSApplicationCategoryType = "public.app-category.music";
				INFOPLIST_KEY_NSMicrophoneUsageDescription = "Microphone access needed while in use to detect the pitch of your instrument.";
				INFOPLIST_KEY_UIApplicationSceneManifest_Generation = YES;
				INFOPLIST_KEY_UIApplicationSupportsIndirectInputEvents = YES;
				INFOPLIST_KEY_UILaunchScreen_Generation = YES;
				INFOPLIST_KEY_UISupportedInterfaceOrientations_iPad = "UIInterfaceOrientationPortrait UIInterfaceOrientationPortraitUpsideDown UIInterfaceOrientationLandscapeLeft UIInterfaceOrientationLandscapeRight";
				INFOPLIST_KEY_UISupportedInterfaceOrientations_iPhone = "UIInterfaceOrientationPortrait UIInterfaceOrientationLandscapeLeft UIInterfaceOrientationLandscapeRight";
				LD_RUNPATH_SEARCH_PATHS = (
					"$(inherited)",
					"@executable_path/Frameworks",
				);
				MARKETING_VERSION = 1.0;
				PRODUCT_BUNDLE_IDENTIFIER = com.brianobyrne.Tune;
				PRODUCT_NAME = "$(TARGET_NAME)";
				STRING_CATALOG_GENERATE_SYMBOLS = YES;
				SUPPORTED_PLATFORMS = "iphoneos iphonesimulator";
				SUPPORTS_MACCATALYST = NO;
				SUPPORTS_XR_DESIGNED_FOR_IPHONE_IPAD = NO;
				SWIFT_APPROACHABLE_CONCURRENCY = YES;
				SWIFT_DEFAULT_ACTOR_ISOLATION = MainActor;
				SWIFT_EMIT_LOC_STRINGS = YES;
				SWIFT_UPCOMING_FEATURE_MEMBER_IMPORT_VISIBILITY = YES;
				SWIFT_VERSION = 5.0;
				TARGETED_DEVICE_FAMILY = "1,2";
			};
			name = Debug;
		};
		EF36F4092F4F84EA0087CD44 /* Release */ = {
			isa = XCBuildConfiguration;
			buildSettings = {
				ASSETCATALOG_COMPILER_APPICON_NAME = tuneapp;
				ASSETCATALOG_COMPILER_GLOBAL_ACCENT_COLOR_NAME = AccentColor;
				ASSETCATALOG_COMPILER_INCLUDE_ALL_APPICON_ASSETS = YES;
				CODE_SIGN_STYLE = Automatic;
				CURRENT_PROJECT_VERSION = 1;
				DEVELOPMENT_TEAM = XB8K9VCVP8;
				ENABLE_PREVIEWS = YES;
				GENERATE_INFOPLIST_FILE = YES;
				INFOPLIST_FILE = Tune/Info.plist;
				INFOPLIST_KEY_CFBundleDisplayName = Tune;
				INFOPLIST_KEY_ITSAppUsesNonExemptEncryption = NO;
				INFOPLIST_KEY_LSApplicationCategoryType = "public.app-category.music";
				INFOPLIST_KEY_NSMicrophoneUsageDescription = "Microphone access needed while in use to detect the pitch of your instrument.";
				INFOPLIST_KEY_UIApplicationSceneManifest_Generation = YES;
				INFOPLIST_KEY_UIApplicationSupportsIndirectInputEvents = YES;
				INFOPLIST_KEY_UILaunchScreen_Generation = YES;
				INFOPLIST_KEY_UISupportedInterfaceOrientations_iPad = "UIInterfaceOrientationPortrait UIInterfaceOrientationPortraitUpsideDown UIInterfaceOrientationLandscapeLeft UIInterfaceOrientationLandscapeRight";
				INFOPLIST_KEY_UISupportedInterfaceOrientations_iPhone = "UIInterfaceOrientationPortrait UIInterfaceOrientationLandscapeLeft UIInterfaceOrientationLandscapeRight";
				LD_RUNPATH_SEARCH_PATHS = (
					"$(inherited)",
					"@executable_path/Frameworks",
				);
				MARKETING_VERSION = 1.0;
				PRODUCT_BUNDLE_IDENTIFIER = com.brianobyrne.Tune;
				PRODUCT_NAME = "$(TARGET_NAME)";
				STRING_CATALOG_GENERATE_SYMBOLS = YES;
				SUPPORTED_PLATFORMS = "iphoneos iphonesimulator";
				SUPPORTS_MACCATALYST = NO;
				SUPPORTS_XR_DESIGNED_FOR_IPHONE_IPAD = NO;
				SWIFT_APPROACHABLE_CONCURRENCY = YES;
				SWIFT_DEFAULT_ACTOR_ISOLATION = MainActor;
				SWIFT_EMIT_LOC_STRINGS = YES;
				SWIFT_UPCOMING_FEATURE_MEMBER_IMPORT_VISIBILITY = YES;
				SWIFT_VERSION = 5.0;
				TARGETED_DEVICE_FAMILY = "1,2";
			};
			name = Release;
		};
		EF36F40B2F4F84EA0087CD44 /* Debug */ = {
			isa = XCBuildConfiguration;
			buildSettings = {
				BUNDLE_LOADER = "$(TEST_HOST)";
				CODE_SIGN_STYLE = Automatic;
				CURRENT_PROJECT_VERSION = 1;
				DEVELOPMENT_TEAM = XB8K9VCVP8;
				GENERATE_INFOPLIST_FILE = YES;
				IPHONEOS_DEPLOYMENT_TARGET = 26.2;
				MARKETING_VERSION = 1.0;
				PRODUCT_BUNDLE_IDENTIFIER = github.io.3rianO3yrne.TuneTests;
				PRODUCT_NAME = "$(TARGET_NAME)";
				STRING_CATALOG_GENERATE_SYMBOLS = NO;
				SWIFT_APPROACHABLE_CONCURRENCY = YES;
				SWIFT_EMIT_LOC_STRINGS = NO;
				SWIFT_UPCOMING_FEATURE_MEMBER_IMPORT_VISIBILITY = YES;
				SWIFT_VERSION = 5.0;
				TARGETED_DEVICE_FAMILY = "1,2";
				TEST_HOST = "$(BUILT_PRODUCTS_DIR)/Tune.app/$(BUNDLE_EXECUTABLE_FOLDER_PATH)/Tune";
			};
			name = Debug;
		};
		EF36F40C2F4F84EA0087CD44 /* Release */ = {
			isa = XCBuildConfiguration;
			buildSettings = {
				BUNDLE_LOADER = "$(TEST_HOST)";
				CODE_SIGN_STYLE = Automatic;
				CURRENT_PROJECT_VERSION = 1;
				DEVELOPMENT_TEAM = XB8K9VCVP8;
				GENERATE_INFOPLIST_FILE = YES;
				IPHONEOS_DEPLOYMENT_TARGET = 26.2;
				MARKETING_VERSION = 1.0;
				PRODUCT_BUNDLE_IDENTIFIER = github.io.3rianO3yrne.TuneTests;
				PRODUCT_NAME = "$(TARGET_NAME)";
				STRING_CATALOG_GENERATE_SYMBOLS = NO;
				SWIFT_APPROACHABLE_CONCURRENCY = YES;
				SWIFT_EMIT_LOC_STRINGS = NO;
				SWIFT_UPCOMING_FEATURE_MEMBER_IMPORT_VISIBILITY = YES;
				SWIFT_VERSION = 5.0;
				TARGETED_DEVICE_FAMILY = "1,2";
				TEST_HOST = "$(BUILT_PRODUCTS_DIR)/Tune.app/$(BUNDLE_EXECUTABLE_FOLDER_PATH)/Tune";
			};
			name = Release;
		};
		EF36F40E2F4F84EA0087CD44 /* Debug */ = {
			isa = XCBuildConfiguration;
			buildSettings = {
				CODE_SIGN_STYLE = Automatic;
				CURRENT_PROJECT_VERSION = 1;
				DEVELOPMENT_TEAM = XB8K9VCVP8;
				GENERATE_INFOPLIST_FILE = YES;
				MARKETING_VERSION = 1.0;
				PRODUCT_BUNDLE_IDENTIFIER = github.io.3rianO3yrne.TuneUITests;
				PRODUCT_NAME = "$(TARGET_NAME)";
				STRING_CATALOG_GENERATE_SYMBOLS = NO;
				SWIFT_APPROACHABLE_CONCURRENCY = YES;
				SWIFT_EMIT_LOC_STRINGS = NO;
				SWIFT_UPCOMING_FEATURE_MEMBER_IMPORT_VISIBILITY = YES;
				SWIFT_VERSION = 5.0;
				TARGETED_DEVICE_FAMILY = "1,2";
				TEST_TARGET_NAME = Tune;
			};
			name = Debug;
		};
		EF36F40F2F4F84EA0087CD44 /* Release */ = {
			isa = XCBuildConfiguration;
			buildSettings = {
				CODE_SIGN_STYLE = Automatic;
				CURRENT_PROJECT_VERSION = 1;
				DEVELOPMENT_TEAM = XB8K9VCVP8;
				GENERATE_INFOPLIST_FILE = YES;
				MARKETING_VERSION = 1.0;
				PRODUCT_BUNDLE_IDENTIFIER = github.io.3rianO3yrne.TuneUITests;
				PRODUCT_NAME = "$(TARGET_NAME)";
				STRING_CATALOG_GENERATE_SYMBOLS = NO;
				SWIFT_APPROACHABLE_CONCURRENCY = YES;
				SWIFT_EMIT_LOC_STRINGS = NO;
				SWIFT_UPCOMING_FEATURE_MEMBER_IMPORT_VISIBILITY = YES;
				SWIFT_VERSION = 5.0;
				TARGETED_DEVICE_FAMILY = "1,2";
				TEST_TARGET_NAME = Tune;
			};
			name = Release;
		};
/* End XCBuildConfiguration section */

/* Begin XCConfigurationList section */
		EF36F3E12F4F84E80087CD44 /* Build configuration list for PBXProject "Tune" */ = {
			isa = XCConfigurationList;
			buildConfigurations = (
				EF36F4052F4F84EA0087CD44 /* Debug */,
				EF36F4062F4F84EA0087CD44 /* Release */,
			);
			defaultConfigurationIsVisible = 0;
			defaultConfigurationName = Release;
		};
		EF36F4072F4F84EA0087CD44 /* Build configuration list for PBXNativeTarget "Tune" */ = {
			isa = XCConfigurationList;
			buildConfigurations = (
				EF36F4082F4F84EA0087CD44 /* Debug */,
				EF36F4092F4F84EA0087CD44 /* Release */,
			);
			defaultConfigurationIsVisible = 0;
			defaultConfigurationName = Release;
		};
		EF36F40A2F4F84EA0087CD44 /* Build configuration list for PBXNativeTarget "TuneTests" */ = {
			isa = XCConfigurationList;
			buildConfigurations = (
				EF36F40B2F4F84EA0087CD44 /* Debug */,
				EF36F40C2F4F84EA0087CD44 /* Release */,
			);
			defaultConfigurationIsVisible = 0;
			defaultConfigurationName = Release;
		};
		EF36F40D2F4F84EA0087CD44 /* Build configuration list for PBXNativeTarget "TuneUITests" */ = {
			isa = XCConfigurationList;
			buildConfigurations = (
				EF36F40E2F4F84EA0087CD44 /* Debug */,
				EF36F40F2F4F84EA0087CD44 /* Release */,
			);
			defaultConfigurationIsVisible = 0;
			defaultConfigurationName = Release;
		};
/* End XCConfigurationList section */

/* Begin XCRemoteSwiftPackageReference section */
		EF36F4242F4F8F000087CD44 /* XCRemoteSwiftPackageReference "AudioKit" */ = {
			isa = XCRemoteSwiftPackageReference;
			repositoryURL = "https://github.com/AudioKit/AudioKit.git";
			requirement = {
				kind = upToNextMajorVersion;
				minimumVersion = 5.6.5;
			};
		};
		EF4B0E512F4F924B0077BA45 /* XCRemoteSwiftPackageReference "SoundpipeAudioKit" */ = {
			isa = XCRemoteSwiftPackageReference;
			repositoryURL = "https://github.com/AudioKit/SoundpipeAudioKit.git";
			requirement = {
				kind = upToNextMajorVersion;
				minimumVersion = 5.7.3;
			};
		};
/* End XCRemoteSwiftPackageReference section */

/* Begin XCSwiftPackageProductDependency section */
		EF36F4252F4F8F000087CD44 /* AudioKit */ = {
			isa = XCSwiftPackageProductDependency;
			package = EF36F4242F4F8F000087CD44 /* XCRemoteSwiftPackageReference "AudioKit" */;
			productName = AudioKit;
		};
		EF4B0E522F4F924B0077BA45 /* SoundpipeAudioKit */ = {
			isa = XCSwiftPackageProductDependency;
			package = EF4B0E512F4F924B0077BA45 /* XCRemoteSwiftPackageReference "SoundpipeAudioKit" */;
			productName = SoundpipeAudioKit;
		};
/* End XCSwiftPackageProductDependency section */
	};
	rootObject = EF36F3DE2F4F84E80087CD44 /* Project object */;
}